
Microsoft Visual Studio Solution File, Format Version 12.00
# Visual Studio Version 16
VisualStudioVersion = 16.0.31515.178
MinimumVisualStudioVersion = 10.0.40219.1
Project("{FAE04EC0-301F-11D3-BF4B-00C04F79EFBC}") = "InterfazEmplames", "InterfazEmplames\InterfazEmplames.csproj", "{A1FAE67A-816D-417B-8086-ACA92850829E}"
EndProject
Global
	GlobalSection(SolutionConfigurationPlatforms) = preSolution
		Debug|Any CPU = Debug|Any CPU
		Release|Any CPU = Release|Any CPU
	EndGlobalSection
	GlobalSection(ProjectConfigurationPlatforms) = postSolution
		{A1FAE67A-816D-417B-8086-ACA92850829E}.Debug|Any CPU.ActiveCfg = Debug|Any CPU
		{A1FAE67A-816D-417B-8086-ACA92850829E}.Debug|Any CPU.Build.0 = Debug|Any CPU
		{A1FAE67A-816D-417B-8086-ACA92850829E}.Release|Any CPU.ActiveCfg = Release|Any CPU
		{A1FAE67A-816D-417B-8086-ACA92850829E}.Release|Any CPU.Build.0 = Release|Any CPU
	EndGlobalSection
	GlobalSection(SolutionProperties) = preSolution
		HideSolutionNode = FALSE
	EndGlobalSection
	GlobalSection(ExtensibilityGlobals) = postSolution
		SolutionGuid = {B132C37A-FE62-4835-984C-3F9FFC02693F}
	EndGlobalSection
EndGlobal
